
Microsoft Visual Studio Solution File, Format Version 12.00
# Visual Studio Version 16
VisualStudioVersion = 16.0.30907.101
MinimumVisualStudioVersion = 10.0.40219.1
Project("{FAE04EC0-301F-11D3-BF4B-00C04F79EFBC}") = "STM32_ADC_Viewer", "STM32_ADC_Viewer\STM32_ADC_Viewer.csproj", "{079C96D2-AD26-407E-A5A2-4FCC42F5EE19}"
EndProject
Global
	GlobalSection(SolutionConfigurationPlatforms) = preSolution
		Debug|Any CPU = Debug|Any CPU
		Release|Any CPU = Release|Any CPU
	EndGlobalSection
	GlobalSection(ProjectConfigurationPlatforms) = postSolution
		{079C96D2-AD26-407E-A5A2-4FCC42F5EE19}.Debug|Any CPU.ActiveCfg = Debug|Any CPU
		{079C96D2-AD26-407E-A5A2-4FCC42F5EE19}.Debug|Any CPU.Build.0 = Debug|Any CPU
		{079C96D2-AD26-407E-A5A2-4FCC42F5EE19}.Release|Any CPU.ActiveCfg = Release|Any CPU
		{079C96D2-AD26-407E-A5A2-4FCC42F5EE19}.Release|Any CPU.Build.0 = Release|Any CPU
	EndGlobalSection
	GlobalSection(SolutionProperties) = preSolution
		HideSolutionNode = FALSE
	EndGlobalSection
	GlobalSection(ExtensibilityGlobals) = postSolution
		SolutionGuid = {8E687D49-6984-46D9-9A9E-385BB9BCB777}
	EndGlobalSection
EndGlobal
